
Microsoft Visual Studio Solution File, Format Version 12.00
# Visual Studio Version 17
VisualStudioVersion = 17.4.33110.190
MinimumVisualStudioVersion = 10.0.40219.1
Project("{9A19103F-16F7-4668-BE54-9A1E7A4F7556}") = "loki-bms-csharp", "loki-bms-csharp.csproj", "{8FB59651-57D6-470C-85DF-35D70AA3A7C8}"
EndProject
Project("{FAE04EC0-301F-11D3-BF4B-00C04F79EFBC}") = "loki-plugin-base", "loki-plugins\loki-plugin-base\loki-plugin-base.csproj", "{C8D1C47F-642B-441D-9E86-6DA24A264D32}"
EndProject
Global
	GlobalSection(SolutionConfigurationPlatforms) = preSolution
		Debug|Any CPU = Debug|Any CPU
		Release|Any CPU = Release|Any CPU
	EndGlobalSection
	GlobalSection(ProjectConfigurationPlatforms) = postSolution
		{8FB59651-57D6-470C-85DF-35D70AA3A7C8}.Debug|Any CPU.ActiveCfg = Debug|Any CPU
		{8FB59651-57D6-470C-85DF-35D70AA3A7C8}.Debug|Any CPU.Build.0 = Debug|Any CPU
		{8FB59651-57D6-470C-85DF-35D70AA3A7C8}.Release|Any CPU.ActiveCfg = Release|Any CPU
		{8FB59651-57D6-470C-85DF-35D70AA3A7C8}.Release|Any CPU.Build.0 = Release|Any CPU
		{C8D1C47F-642B-441D-9E86-6DA24A264D32}.Debug|Any CPU.ActiveCfg = Debug|Any CPU
		{C8D1C47F-642B-441D-9E86-6DA24A264D32}.Debug|Any CPU.Build.0 = Debug|Any CPU
		{C8D1C47F-642B-441D-9E86-6DA24A264D32}.Release|Any CPU.ActiveCfg = Release|Any CPU
		{C8D1C47F-642B-441D-9E86-6DA24A264D32}.Release|Any CPU.Build.0 = Release|Any CPU
	EndGlobalSection
	GlobalSection(SolutionProperties) = preSolution
		HideSolutionNode = FALSE
	EndGlobalSection
	GlobalSection(ExtensibilityGlobals) = postSolution
		SolutionGuid = {FCA6458A-C526-44BF-A501-42733FC60F78}
	EndGlobalSection
EndGlobal
